github.com/globalsign/mgo v0.0.0-20180115174136-896bbb89d212 h1:xAz5ABZ+GAWLQh2AwEaLUWNCMKDFROT7LCQ4X/qSdis=
github.com/globalsign/mgo v0.0.0-20180115174136-896bbb89d212/go.mod h1:xkRDCp4j0OGD1HRkm4kmhM+pmpv3AKq5SU7GMg4oO/Q=
github.com/gorilla/mux v0.0.0-20170228224354-599cba5e7b61 h1:4lceeSGcX6bSAeeTiqcGX4DX6pMLPG5fKHvGeWAP/5c=
github.com/gorilla/mux v0.0.0-20170228224354-599cba5e7b61/go.mod h1:1lud6UwP+6orDFRuTfBEV8e9/aOM/c4fVVCaMa2zaAs=
github.com/gorilla/websocket v0.0.0-20180306175053-4835f71f2aa5 h1:j436WZLkibzwgCLjnKYosL3et0GNp0Omzk8dy1IICZc=
github.com/gorilla/websocket v0.0.0-20180306175053-4835f71f2aa5/go.mod h1:E7qHFY5m1UJ88s3WnNqhKjPHQ0heANvMoAMk2YaljkQ=
github.com/influxdata/influxdb v0.0.0-20171219185349-4a7361d0317a h1:zFkAkxDGvAAzSpgnMDdNISlNNAiMunBDyqHTH7oc0hc=
github.com/influxdata/influxdb v0.0.0-20171219185349-4a7361d0317a/go.mod h1:qZna6X/4elxqT3yI9iZYdZrWWdeFOOprn86kgg4+IzY=
github.com/pborman/uuid v0.0.0-20170612153648-e790cca94e6c h1:MUyE44mTvnI5A0xrxIxaMqoWFzPfQvtE2IWUollMDMs=
github.com/pborman/uuid v0.0.0-20170612153648-e790cca94e6c/go.mod h1:VyrYX9gd7irzKovcSS6BIIEwPRkP2Wm2m9ufcdFSJ34=
github.com/pkg/errors v0.0.0-20170505043639-c605e284fe17 h1:chPfVn+gpAM5CTpTyVU9j8J+xgRGwmoDlNDLjKnJiYo=
github.com/pkg/errors v0.0.0-20170505043639-c605e284fe17/go.mod h1:bwawxfHBFNV+L2hUp1rHADufV3IMtnDRdf1r5NINEl0=
github.com/sirupsen/logrus v0.0.0-20170515105910-5e5dc898656f h1:UkMQgoM2O57OKrzYDryhKcdKCcvs7WU0Tj+6P5HhmpQ=
github.com/sirupsen/logrus v0.0.0-20170515105910-5e5dc898656f/go.mod h1:pMByvHTf9Beacp5x1UXfOR9xyW/9antXMhjMPG0dEzc=
github.impcloud.net/RSP-Inventory-Suite/product-data-service v0.0.0-20190311180318-df9dc091af1e h1:fyqdXLaOrKyBHAh7doM5D3UOxz6Alb6nBlGG2EYZWyM=
github.impcloud.net/RSP-Inventory-Suite/product-data-service v0.0.0-20190311180318-df9dc091af1e/go.mod h1:VSjOE181fHyIRpZpoOFEkhTjFdZe412QM/4+sZqkfuk=
github.impcloud.net/Responsive-Retail-Core/go-odata v0.0.0-20180417174955-15d217d2bfc1 h1:6GHAa1CeusmSBJ3k3kS6jq6kV64mxCD1p2eVZ6HyIqY=
github.impcloud.net/Responsive-Retail-Core/go-odata v0.0.0-20180417174955-15d217d2bfc1/go.mod h1:Z2ojgA0eN0s8fKiOobFQDPLTNvnrUsJrLIRu3C/k4Eo=
github.impcloud.net/Responsive-Retail-Core/mongodb v0.0.0-20180418173906-c35f98d88fbc h1:KTRYnwAY8aFjHDUjXtLMuTmfVmgT+s0L3hUTBg76ZOo=
github.impcloud.net/Responsive-Retail-Core/mongodb v0.0.0-20180418173906-c35f98d88fbc/go.mod h1:V8Glm8EsZzjw6r/0AFSHs7eD/RI47A0nUzy7xqMpCTI=
github.impcloud.net/Responsive-Retail-Core/utilities v0.0.0-20180418171306-0016306a0721 h1:2tHfs7yjkQlmDGEBmb3ghWBMclA9UIe0YqBqh8l/lgA=
github.impcloud.net/Responsive-Retail-Core/utilities v0.0.0-20180418171306-0016306a0721/go.mod h1:dYH6w4NKBPOmWDRgv/pIIu1ZwinQSyu+9N/EgDHKofM=
golang.org/x/net v0.0.0-20170828231752-66aacef3dd8a/go.mod h1:mL1N/T3taQHkDXs73rZJwtUhF3w3ftmwwsq0BUmARs4=
golang.org/x/sys v0.0.0-20170529185110-b90f89a1e7a9/go.mod h1:STP8DvDyc/dI5b8T5hshtkjS+E42TnysNCUPdjciGhY=
