github.com/davecgh/go-spew v1.1.1/go.mod h1:J7Y8YcW2NihsgmVo/mv3lAwl/skON4iLHjSsI+c5H38=
github.com/globalsign/mgo v0.0.0-20181015135952-eeefdecb41b8 h1:DujepqpGd1hyOd7aW59XpK7Qymp8iy83xq74fLr21is=
github.com/globalsign/mgo v0.0.0-20181015135952-eeefdecb41b8/go.mod h1:xkRDCp4j0OGD1HRkm4kmhM+pmpv3AKq5SU7GMg4oO/Q=
github.com/google/uuid v1.0.0 h1:b4Gk+7WdP/d3HZH8EJsZpvV7EtDOgaZLtnaNGIu1adA=
github.com/google/uuid v1.0.0/go.mod h1:TIyPZe4MgqvfeYDBFedMoGGpEw/LqOeaOT+nhxU+yHo=
github.com/gorilla/mux v1.7.0 h1:tOSd0UKHQd6urX6ApfOn4XdBMY6Sh1MfxV3kmaazO+U=
github.com/gorilla/mux v1.7.0/go.mod h1:1lud6UwP+6orDFRuTfBEV8e9/aOM/c4fVVCaMa2zaAs=
github.com/gorilla/websocket v1.4.0 h1:WDFjx/TMzVgy9VdMMQi2K2Emtwi2QcUQsztZ/zLaH/Q=
github.com/gorilla/websocket v1.4.0/go.mod h1:E7qHFY5m1UJ88s3WnNqhKjPHQ0heANvMoAMk2YaljkQ=
github.com/influxdata/influxdb v0.0.0-20171219185349-4a7361d0317a h1:zFkAkxDGvAAzSpgnMDdNISlNNAiMunBDyqHTH7oc0hc=
github.com/influxdata/influxdb v0.0.0-20171219185349-4a7361d0317a/go.mod h1:qZna6X/4elxqT3yI9iZYdZrWWdeFOOprn86kgg4+IzY=
github.com/konsorten/go-windows-terminal-sequences v1.0.1/go.mod h1:T0+1ngSBFLxvqU3pZ+m/2kptfBszLMUkC4ZK/EgS/cQ=
github.com/pborman/uuid v1.2.0 h1:J7Q5mO4ysT1dv8hyrUGHb9+ooztCXu1D8MY8DZYsu3g=
github.com/pborman/uuid v1.2.0/go.mod h1:X/NO0urCmaxf9VXbdlT7C2Yzkj2IKimNn4k+gtPdI/k=
github.com/pkg/errors v0.8.1 h1:iURUrRGxPUNPdy5/HRSm+Yj6okJ6UtLINN0Q9M4+h3I=
github.com/pkg/errors v0.8.1/go.mod h1:bwawxfHBFNV+L2hUp1rHADufV3IMtnDRdf1r5NINEl0=
github.com/pmezard/go-difflib v1.0.0/go.mod h1:iKH77koFhYxTK1pcRnkKkqfTogsbg7gZNVY4sRDYZ/4=
github.com/sirupsen/logrus v1.4.0 h1:yKenngtzGh+cUSSh6GWbxW2abRqhYUSR/t/6+2QqNvE=
github.com/sirupsen/logrus v1.4.0/go.mod h1:LxeOpSwHxABJmUn/MG1IvRgCAasNZTLOkJPxbbu5VWo=
github.com/stretchr/objx v0.1.1/go.mod h1:HFkY916IF+rwdDfMAkV7OtwuqBVzrE8GR6GFx+wExME=
github.com/stretchr/testify v1.2.2/go.mod h1:a8OnRcib4nhh0OaRAV+Yts87kKdq0PP7pXfy6kDkUVs=
github.impcloud.net/RSP-Inventory-Suite/go-dbWrapper v0.0.0-20190313210115-0b51b1c07cb2 h1:Suh599o2R4D5njGnUjwvF/ueEe7PNmlNIdl3jmJEobY=
github.impcloud.net/RSP-Inventory-Suite/go-dbWrapper v0.0.0-20190313210115-0b51b1c07cb2/go.mod h1:iDgnkIDY79ntAHcqn3q5xSpTIQ7YG4CyGaVXQw0IFiY=
github.impcloud.net/RSP-Inventory-Suite/go-odata v0.0.0-20190313205301-6becc242e190 h1:3YOwiuZMaZaYCdvGC2j8++iPkC29ODPqyHOKGZqCtN0=
github.impcloud.net/RSP-Inventory-Suite/go-odata v0.0.0-20190313205301-6becc242e190/go.mod h1:W1StUG61JDomZkl9hDK36nVks52hlG2bbttQJcTRVFU=
github.impcloud.net/RSP-Inventory-Suite/gojsonpointer v0.0.0-20180127040702-4e3ac2762d5f h1:Paw9dd9dqq8are9GUZMwCX9QN/AgA4zdUkxf6hglylM=
github.impcloud.net/RSP-Inventory-Suite/gojsonpointer v0.0.0-20180127040702-4e3ac2762d5f/go.mod h1:N80GkzOpdvELrGuL8tBK1F9nPfBLd/hLXwf+hvdaWRk=
github.impcloud.net/RSP-Inventory-Suite/gojsonreference v0.0.0-20190322220103-0e7d2639f6b2 h1:6JhOs/XTRvp5bL6tCZHB3gOcP+yUWEIUdL/6gMoyHWs=
github.impcloud.net/RSP-Inventory-Suite/gojsonreference v0.0.0-20190322220103-0e7d2639f6b2/go.mod h1:Bmuk1oW3m3RMIKJVtdGU9bM0LR7a/YB7NLeKWE0FHMo=
github.impcloud.net/RSP-Inventory-Suite/gojsonschema v1.1.1-0.20190322221515-3f0f65a31086 h1:cSY8HhyAqwQuHd0ElS3Qj8Uaak4qGE8XCuW5OeCalMI=
github.impcloud.net/RSP-Inventory-Suite/gojsonschema v1.1.1-0.20190322221515-3f0f65a31086/go.mod h1:IMB8RcorJOhfZQO8vzx6lygerPvxSPpc4IfohskFpZQ=
github.impcloud.net/RSP-Inventory-Suite/utilities v0.0.0-20190318223020-7136022498b9 h1:Ube5aC8yTq59sWjwGn0TwyV1fh3po84LQgQYAuHRRgw=
github.impcloud.net/RSP-Inventory-Suite/utilities v0.0.0-20190318223020-7136022498b9/go.mod h1:WsQsjgVseD1gyLkKs8TNYHObiD3LcwlDBwFoveH6WAA=
golang.org/x/crypto v0.0.0-20180904163835-0709b304e793 h1:u+LnwYTOOW7Ukr/fppxEb1Nwz0AtPflrblfvUudpo+I=
golang.org/x/crypto v0.0.0-20180904163835-0709b304e793/go.mod h1:6SG95UA2DQfeDnfUPMdvaQW0Q7yPrPDi9nlGo2tz2b4=
golang.org/x/sys v0.0.0-20180905080454-ebe1bf3edb33 h1:I6FyU15t786LL7oL/hn43zqTuEGr4PN7F4XJ1p4E3Y8=
golang.org/x/sys v0.0.0-20180905080454-ebe1bf3edb33/go.mod h1:STP8DvDyc/dI5b8T5hshtkjS+E42TnysNCUPdjciGhY=
